
Microsoft Visual Studio Solution File, Format Version 12.00
# Visual Studio Version 17
VisualStudioVersion = 17.0.32002.185
MinimumVisualStudioVersion = 10.0.40219.1
Project("{FAE04EC0-301F-11D3-BF4B-00C04F79EFBC}") = "ConsoleApp1", "ConsoleApp1\ConsoleApp1.csproj", "{09F3B46A-F65C-4E3C-BA4E-5B136475EEDD}"
EndProject
Global
	GlobalSection(SolutionConfigurationPlatforms) = preSolution
		Debug|Any CPU = Debug|Any CPU
		Release|Any CPU = Release|Any CPU
	EndGlobalSection
	GlobalSection(ProjectConfigurationPlatforms) = postSolution
		{09F3B46A-F65C-4E3C-BA4E-5B136475EEDD}.Debug|Any CPU.ActiveCfg = Debug|Any CPU
		{09F3B46A-F65C-4E3C-BA4E-5B136475EEDD}.Debug|Any CPU.Build.0 = Debug|Any CPU
		{09F3B46A-F65C-4E3C-BA4E-5B136475EEDD}.Release|Any CPU.ActiveCfg = Release|Any CPU
		{09F3B46A-F65C-4E3C-BA4E-5B136475EEDD}.Release|Any CPU.Build.0 = Release|Any CPU
	EndGlobalSection
	GlobalSection(SolutionProperties) = preSolution
		HideSolutionNode = FALSE
	EndGlobalSection
	GlobalSection(ExtensibilityGlobals) = postSolution
		SolutionGuid = {50A28603-0409-407C-AAAF-2A2F403FB77D}
	EndGlobalSection
EndGlobal
